
Microsoft Visual Studio Solution File, Format Version 12.00
# Visual Studio Version 17
VisualStudioVersion = 17.4.33103.184
MinimumVisualStudioVersion = 10.0.40219.1
Project("{FAE04EC0-301F-11D3-BF4B-00C04F79EFBC}") = "CSharpToJavaScript", "CSharpToJavaScript\CSharpToJavaScript.csproj", "{FCD6CF0D-D991-41C2-ADE0-59C5B3EB5FE1}"
EndProject
Global
	GlobalSection(SolutionConfigurationPlatforms) = preSolution
		Debug|Any CPU = Debug|Any CPU
		Release|Any CPU = Release|Any CPU
	EndGlobalSection
	GlobalSection(ProjectConfigurationPlatforms) = postSolution
		{FCD6CF0D-D991-41C2-ADE0-59C5B3EB5FE1}.Debug|Any CPU.ActiveCfg = Debug|Any CPU
		{FCD6CF0D-D991-41C2-ADE0-59C5B3EB5FE1}.Debug|Any CPU.Build.0 = Debug|Any CPU
		{FCD6CF0D-D991-41C2-ADE0-59C5B3EB5FE1}.Release|Any CPU.ActiveCfg = Release|Any CPU
		{FCD6CF0D-D991-41C2-ADE0-59C5B3EB5FE1}.Release|Any CPU.Build.0 = Release|Any CPU
	EndGlobalSection
	GlobalSection(SolutionProperties) = preSolution
		HideSolutionNode = FALSE
	EndGlobalSection
	GlobalSection(ExtensibilityGlobals) = postSolution
		SolutionGuid = {403552C7-A256-49ED-AA22-9170CA98EEDC}
	EndGlobalSection
EndGlobal
